
Microsoft Visual Studio Solution File, Format Version 12.00
# Visual Studio Version 17
VisualStudioVersion = 17.6.33723.286
MinimumVisualStudioVersion = 10.0.40219.1
Project("{FAE04EC0-301F-11D3-BF4B-00C04F79EFBC}") = "XamarinApp.UWP", "XamarinApp\XamarinApp.UWP\XamarinApp.UWP.csproj", "{9F22D601-25C4-4580-9F00-C43B1FB1CDF3}"
EndProject
Project("{FAE04EC0-301F-11D3-BF4B-00C04F79EFBC}") = "XamarinApp.Android", "XamarinApp\XamarinApp.Android\XamarinApp.Android.csproj", "{E49FDAD5-AF68-48BC-A175-E94D3AD2B30A}"
EndProject
Project("{FAE04EC0-301F-11D3-BF4B-00C04F79EFBC}") = "XamarinApp.iOS", "XamarinApp\XamarinApp.iOS\XamarinApp.iOS.csproj", "{F938656C-0502-4EB2-96F1-8E95EEBD241E}"
EndProject
Project("{FAE04EC0-301F-11D3-BF4B-00C04F79EFBC}") = "XamarinApp", "XamarinApp\XamarinApp\XamarinApp.csproj", "{3220AABF-6B34-438F-B727-787CDBFDF546}"
EndProject
Global
	GlobalSection(SolutionConfigurationPlatforms) = preSolution
		Debug|Any CPU = Debug|Any CPU
		Debug|ARM = Debug|ARM
		Debug|iPhone = Debug|iPhone
		Debug|iPhoneSimulator = Debug|iPhoneSimulator
		Debug|x64 = Debug|x64
		Debug|x86 = Debug|x86
		Release|Any CPU = Release|Any CPU
		Release|ARM = Release|ARM
		Release|iPhone = Release|iPhone
		Release|iPhoneSimulator = Release|iPhoneSimulator
		Release|x64 = Release|x64
		Release|x86 = Release|x86
	EndGlobalSection
	GlobalSection(ProjectConfigurationPlatforms) = postSolution
		{9F22D601-25C4-4580-9F00-C43B1FB1CDF3}.Debug|Any CPU.ActiveCfg = Debug|x64
		{9F22D601-25C4-4580-9F00-C43B1FB1CDF3}.Debug|Any CPU.Build.0 = Debug|x64
		{9F22D601-25C4-4580-9F00-C43B1FB1CDF3}.Debug|Any CPU.Deploy.0 = Debug|x64
		{9F22D601-25C4-4580-9F00-C43B1FB1CDF3}.Debug|ARM.ActiveCfg = Debug|ARM
		{9F22D601-25C4-4580-9F00-C43B1FB1CDF3}.Debug|ARM.Build.0 = Debug|ARM
		{9F22D601-25C4-4580-9F00-C43B1FB1CDF3}.Debug|ARM.Deploy.0 = Debug|ARM
		{9F22D601-25C4-4580-9F00-C43B1FB1CDF3}.Debug|iPhone.ActiveCfg = Debug|x64
		{9F22D601-25C4-4580-9F00-C43B1FB1CDF3}.Debug|iPhone.Build.0 = Debug|x64
		{9F22D601-25C4-4580-9F00-C43B1FB1CDF3}.Debug|iPhone.Deploy.0 = Debug|x64
		{9F22D601-25C4-4580-9F00-C43B1FB1CDF3}.Debug|iPhoneSimulator.ActiveCfg = Debug|x64
		{9F22D601-25C4-4580-9F00-C43B1FB1CDF3}.Debug|iPhoneSimulator.Build.0 = Debug|x64
		{9F22D601-25C4-4580-9F00-C43B1FB1CDF3}.Debug|iPhoneSimulator.Deploy.0 = Debug|x64
		{9F22D601-25C4-4580-9F00-C43B1FB1CDF3}.Debug|x64.ActiveCfg = Debug|x64
		{9F22D601-25C4-4580-9F00-C43B1FB1CDF3}.Debug|x64.Build.0 = Debug|x64
		{9F22D601-25C4-4580-9F00-C43B1FB1CDF3}.Debug|x64.Deploy.0 = Debug|x64
		{9F22D601-25C4-4580-9F00-C43B1FB1CDF3}.Debug|x86.ActiveCfg = Debug|x86
		{9F22D601-25C4-4580-9F00-C43B1FB1CDF3}.Debug|x86.Build.0 = Debug|x86
		{9F22D601-25C4-4580-9F00-C43B1FB1CDF3}.Debug|x86.Deploy.0 = Debug|x86
		{9F22D601-25C4-4580-9F00-C43B1FB1CDF3}.Release|Any CPU.ActiveCfg = Release|x64
		{9F22D601-25C4-4580-9F00-C43B1FB1CDF3}.Release|Any CPU.Build.0 = Release|x64
		{9F22D601-25C4-4580-9F00-C43B1FB1CDF3}.Release|Any CPU.Deploy.0 = Release|x64
		{9F22D601-25C4-4580-9F00-C43B1FB1CDF3}.Release|ARM.ActiveCfg = Release|ARM
		{9F22D601-25C4-4580-9F00-C43B1FB1CDF3}.Release|ARM.Build.0 = Release|ARM
		{9F22D601-25C4-4580-9F00-C43B1FB1CDF3}.Release|ARM.Deploy.0 = Release|ARM
		{9F22D601-25C4-4580-9F00-C43B1FB1CDF3}.Release|iPhone.ActiveCfg = Release|x64
		{9F22D601-25C4-4580-9F00-C43B1FB1CDF3}.Release|iPhone.Build.0 = Release|x64
		{9F22D601-25C4-4580-9F00-C43B1FB1CDF3}.Release|iPhone.Deploy.0 = Release|x64
		{9F22D601-25C4-4580-9F00-C43B1FB1CDF3}.Release|iPhoneSimulator.ActiveCfg = Release|x64
		{9F22D601-25C4-4580-9F00-C43B1FB1CDF3}.Release|iPhoneSimulator.Build.0 = Release|x64
		{9F22D601-25C4-4580-9F00-C43B1FB1CDF3}.Release|iPhoneSimulator.Deploy.0 = Release|x64
		{9F22D601-25C4-4580-9F00-C43B1FB1CDF3}.Release|x64.ActiveCfg = Release|x64
		{9F22D601-25C4-4580-9F00-C43B1FB1CDF3}.Release|x64.Build.0 = Release|x64
		{9F22D601-25C4-4580-9F00-C43B1FB1CDF3}.Release|x64.Deploy.0 = Release|x64
		{9F22D601-25C4-4580-9F00-C43B1FB1CDF3}.Release|x86.ActiveCfg = Release|x86
		{9F22D601-25C4-4580-9F00-C43B1FB1CDF3}.Release|x86.Build.0 = Release|x86
		{9F22D601-25C4-4580-9F00-C43B1FB1CDF3}.Release|x86.Deploy.0 = Release|x86
		{E49FDAD5-AF68-48BC-A175-E94D3AD2B30A}.Debug|Any CPU.ActiveCfg = Debug|Any CPU
		{E49FDAD5-AF68-48BC-A175-E94D3AD2B30A}.Debug|Any CPU.Build.0 = Debug|Any CPU
		{E49FDAD5-AF68-48BC-A175-E94D3AD2B30A}.Debug|Any CPU.Deploy.0 = Debug|Any CPU
		{E49FDAD5-AF68-48BC-A175-E94D3AD2B30A}.Debug|ARM.ActiveCfg = Debug|Any CPU
		{E49FDAD5-AF68-48BC-A175-E94D3AD2B30A}.Debug|ARM.Build.0 = Debug|Any CPU
		{E49FDAD5-AF68-48BC-A175-E94D3AD2B30A}.Debug|ARM.Deploy.0 = Debug|Any CPU
		{E49FDAD5-AF68-48BC-A175-E94D3AD2B30A}.Debug|iPhone.ActiveCfg = Debug|Any CPU
		{E49FDAD5-AF68-48BC-A175-E94D3AD2B30A}.Debug|iPhone.Build.0 = Debug|Any CPU
		{E49FDAD5-AF68-48BC-A175-E94D3AD2B30A}.Debug|iPhone.Deploy.0 = Debug|Any CPU
		{E49FDAD5-AF68-48BC-A175-E94D3AD2B30A}.Debug|iPhoneSimulator.ActiveCfg = Debug|Any CPU
		{E49FDAD5-AF68-48BC-A175-E94D3AD2B30A}.Debug|iPhoneSimulator.Build.0 = Debug|Any CPU
		{E49FDAD5-AF68-48BC-A175-E94D3AD2B30A}.Debug|iPhoneSimulator.Deploy.0 = Debug|Any CPU
		{E49FDAD5-AF68-48BC-A175-E94D3AD2B30A}.Debug|x64.ActiveCfg = Debug|Any CPU
		{E49FDAD5-AF68-48BC-A175-E94D3AD2B30A}.Debug|x64.Build.0 = Debug|Any CPU
		{E49FDAD5-AF68-48BC-A175-E94D3AD2B30A}.Debug|x64.Deploy.0 = Debug|Any CPU
		{E49FDAD5-AF68-48BC-A175-E94D3AD2B30A}.Debug|x86.ActiveCfg = Debug|Any CPU
		{E49FDAD5-AF68-48BC-A175-E94D3AD2B30A}.Debug|x86.Build.0 = Debug|Any CPU
		{E49FDAD5-AF68-48BC-A175-E94D3AD2B30A}.Debug|x86.Deploy.0 = Debug|Any CPU
		{E49FDAD5-AF68-48BC-A175-E94D3AD2B30A}.Release|Any CPU.ActiveCfg = Release|Any CPU
		{E49FDAD5-AF68-48BC-A175-E94D3AD2B30A}.Release|Any CPU.Build.0 = Release|Any CPU
		{E49FDAD5-AF68-48BC-A175-E94D3AD2B30A}.Release|Any CPU.Deploy.0 = Release|Any CPU
		{E49FDAD5-AF68-48BC-A175-E94D3AD2B30A}.Release|ARM.ActiveCfg = Release|Any CPU
		{E49FDAD5-AF68-48BC-A175-E94D3AD2B30A}.Release|ARM.Build.0 = Release|Any CPU
		{E49FDAD5-AF68-48BC-A175-E94D3AD2B30A}.Release|ARM.Deploy.0 = Release|Any CPU
		{E49FDAD5-AF68-48BC-A175-E94D3AD2B30A}.Release|iPhone.ActiveCfg = Release|Any CPU
		{E49FDAD5-AF68-48BC-A175-E94D3AD2B30A}.Release|iPhone.Build.0 = Release|Any CPU
		{E49FDAD5-AF68-48BC-A175-E94D3AD2B30A}.Release|iPhone.Deploy.0 = Release|Any CPU
		{E49FDAD5-AF68-48BC-A175-E94D3AD2B30A}.Release|iPhoneSimulator.ActiveCfg = Release|Any CPU
		{E49FDAD5-AF68-48BC-A175-E94D3AD2B30A}.Release|iPhoneSimulator.Build.0 = Release|Any CPU
		{E49FDAD5-AF68-48BC-A175-E94D3AD2B30A}.Release|iPhoneSimulator.Deploy.0 = Release|Any CPU
		{E49FDAD5-AF68-48BC-A175-E94D3AD2B30A}.Release|x64.ActiveCfg = Release|Any CPU
		{E49FDAD5-AF68-48BC-A175-E94D3AD2B30A}.Release|x64.Build.0 = Release|Any CPU
		{E49FDAD5-AF68-48BC-A175-E94D3AD2B30A}.Release|x64.Deploy.0 = Release|Any CPU
		{E49FDAD5-AF68-48BC-A175-E94D3AD2B30A}.Release|x86.ActiveCfg = Release|Any CPU
		{E49FDAD5-AF68-48BC-A175-E94D3AD2B30A}.Release|x86.Build.0 = Release|Any CPU
		{E49FDAD5-AF68-48BC-A175-E94D3AD2B30A}.Release|x86.Deploy.0 = Release|Any CPU
		{F938656C-0502-4EB2-96F1-8E95EEBD241E}.Debug|Any CPU.ActiveCfg = Debug|iPhoneSimulator
		{F938656C-0502-4EB2-96F1-8E95EEBD241E}.Debug|Any CPU.Build.0 = Debug|iPhoneSimulator
		{F938656C-0502-4EB2-96F1-8E95EEBD241E}.Debug|Any CPU.Deploy.0 = Debug|iPhoneSimulator
		{F938656C-0502-4EB2-96F1-8E95EEBD241E}.Debug|ARM.ActiveCfg = Debug|iPhoneSimulator
		{F938656C-0502-4EB2-96F1-8E95EEBD241E}.Debug|ARM.Build.0 = Debug|iPhoneSimulator
		{F938656C-0502-4EB2-96F1-8E95EEBD241E}.Debug|ARM.Deploy.0 = Debug|iPhoneSimulator
		{F938656C-0502-4EB2-96F1-8E95EEBD241E}.Debug|iPhone.ActiveCfg = Debug|iPhone
		{F938656C-0502-4EB2-96F1-8E95EEBD241E}.Debug|iPhone.Build.0 = Debug|iPhone
		{F938656C-0502-4EB2-96F1-8E95EEBD241E}.Debug|iPhone.Deploy.0 = Debug|iPhone
		{F938656C-0502-4EB2-96F1-8E95EEBD241E}.Debug|iPhoneSimulator.ActiveCfg = Debug|iPhoneSimulator
		{F938656C-0502-4EB2-96F1-8E95EEBD241E}.Debug|iPhoneSimulator.Build.0 = Debug|iPhoneSimulator
		{F938656C-0502-4EB2-96F1-8E95EEBD241E}.Debug|iPhoneSimulator.Deploy.0 = Debug|iPhoneSimulator
		{F938656C-0502-4EB2-96F1-8E95EEBD241E}.Debug|x64.ActiveCfg = Debug|iPhone
		{F938656C-0502-4EB2-96F1-8E95EEBD241E}.Debug|x64.Build.0 = Debug|iPhone
		{F938656C-0502-4EB2-96F1-8E95EEBD241E}.Debug|x64.Deploy.0 = Debug|iPhone
		{F938656C-0502-4EB2-96F1-8E95EEBD241E}.Debug|x86.ActiveCfg = Debug|iPhoneSimulator
		{F938656C-0502-4EB2-96F1-8E95EEBD241E}.Debug|x86.Build.0 = Debug|iPhoneSimulator
		{F938656C-0502-4EB2-96F1-8E95EEBD241E}.Debug|x86.Deploy.0 = Debug|iPhoneSimulator
		{F938656C-0502-4EB2-96F1-8E95EEBD241E}.Release|Any CPU.ActiveCfg = Release|iPhoneSimulator
		{F938656C-0502-4EB2-96F1-8E95EEBD241E}.Release|Any CPU.Build.0 = Release|iPhoneSimulator
		{F938656C-0502-4EB2-96F1-8E95EEBD241E}.Release|Any CPU.Deploy.0 = Release|iPhoneSimulator
		{F938656C-0502-4EB2-96F1-8E95EEBD241E}.Release|ARM.ActiveCfg = Release|iPhoneSimulator
		{F938656C-0502-4EB2-96F1-8E95EEBD241E}.Release|ARM.Build.0 = Release|iPhoneSimulator
		{F938656C-0502-4EB2-96F1-8E95EEBD241E}.Release|ARM.Deploy.0 = Release|iPhoneSimulator
		{F938656C-0502-4EB2-96F1-8E95EEBD241E}.Release|iPhone.ActiveCfg = Release|iPhone
		{F938656C-0502-4EB2-96F1-8E95EEBD241E}.Release|iPhone.Build.0 = Release|iPhone
		{F938656C-0502-4EB2-96F1-8E95EEBD241E}.Release|iPhone.Deploy.0 = Release|iPhone
		{F938656C-0502-4EB2-96F1-8E95EEBD241E}.Release|iPhoneSimulator.ActiveCfg = Release|iPhoneSimulator
		{F938656C-0502-4EB2-96F1-8E95EEBD241E}.Release|iPhoneSimulator.Build.0 = Release|iPhoneSimulator
		{F938656C-0502-4EB2-96F1-8E95EEBD241E}.Release|iPhoneSimulator.Deploy.0 = Release|iPhoneSimulator
		{F938656C-0502-4EB2-96F1-8E95EEBD241E}.Release|x64.ActiveCfg = Release|iPhoneSimulator
		{F938656C-0502-4EB2-96F1-8E95EEBD241E}.Release|x64.Build.0 = Release|iPhoneSimulator
		{F938656C-0502-4EB2-96F1-8E95EEBD241E}.Release|x64.Deploy.0 = Release|iPhoneSimulator
		{F938656C-0502-4EB2-96F1-8E95EEBD241E}.Release|x86.ActiveCfg = Release|iPhoneSimulator
		{F938656C-0502-4EB2-96F1-8E95EEBD241E}.Release|x86.Build.0 = Release|iPhoneSimulator
		{F938656C-0502-4EB2-96F1-8E95EEBD241E}.Release|x86.Deploy.0 = Release|iPhoneSimulator
		{3220AABF-6B34-438F-B727-787CDBFDF546}.Debug|Any CPU.ActiveCfg = Debug|Any CPU
		{3220AABF-6B34-438F-B727-787CDBFDF546}.Debug|Any CPU.Build.0 = Debug|Any CPU
		{3220AABF-6B34-438F-B727-787CDBFDF546}.Debug|Any CPU.Deploy.0 = Debug|Any CPU
		{3220AABF-6B34-438F-B727-787CDBFDF546}.Debug|ARM.ActiveCfg = Debug|Any CPU
		{3220AABF-6B34-438F-B727-787CDBFDF546}.Debug|ARM.Build.0 = Debug|Any CPU
		{3220AABF-6B34-438F-B727-787CDBFDF546}.Debug|ARM.Deploy.0 = Debug|Any CPU
		{3220AABF-6B34-438F-B727-787CDBFDF546}.Debug|iPhone.ActiveCfg = Debug|Any CPU
		{3220AABF-6B34-438F-B727-787CDBFDF546}.Debug|iPhone.Build.0 = Debug|Any CPU
		{3220AABF-6B34-438F-B727-787CDBFDF546}.Debug|iPhone.Deploy.0 = Debug|Any CPU
		{3220AABF-6B34-438F-B727-787CDBFDF546}.Debug|iPhoneSimulator.ActiveCfg = Debug|Any CPU
		{3220AABF-6B34-438F-B727-787CDBFDF546}.Debug|iPhoneSimulator.Build.0 = Debug|Any CPU
		{3220AABF-6B34-438F-B727-787CDBFDF546}.Debug|iPhoneSimulator.Deploy.0 = Debug|Any CPU
		{3220AABF-6B34-438F-B727-787CDBFDF546}.Debug|x64.ActiveCfg = Debug|Any CPU
		{3220AABF-6B34-438F-B727-787CDBFDF546}.Debug|x64.Build.0 = Debug|Any CPU
		{3220AABF-6B34-438F-B727-787CDBFDF546}.Debug|x64.Deploy.0 = Debug|Any CPU
		{3220AABF-6B34-438F-B727-787CDBFDF546}.Debug|x86.ActiveCfg = Debug|Any CPU
		{3220AABF-6B34-438F-B727-787CDBFDF546}.Debug|x86.Build.0 = Debug|Any CPU
		{3220AABF-6B34-438F-B727-787CDBFDF546}.Debug|x86.Deploy.0 = Debug|Any CPU
		{3220AABF-6B34-438F-B727-787CDBFDF546}.Release|Any CPU.ActiveCfg = Release|Any CPU
		{3220AABF-6B34-438F-B727-787CDBFDF546}.Release|Any CPU.Build.0 = Release|Any CPU
		{3220AABF-6B34-438F-B727-787CDBFDF546}.Release|Any CPU.Deploy.0 = Release|Any CPU
		{3220AABF-6B34-438F-B727-787CDBFDF546}.Release|ARM.ActiveCfg = Release|Any CPU
		{3220AABF-6B34-438F-B727-787CDBFDF546}.Release|ARM.Build.0 = Release|Any CPU
		{3220AABF-6B34-438F-B727-787CDBFDF546}.Release|ARM.Deploy.0 = Release|Any CPU
		{3220AABF-6B34-438F-B727-787CDBFDF546}.Release|iPhone.ActiveCfg = Release|Any CPU
		{3220AABF-6B34-438F-B727-787CDBFDF546}.Release|iPhone.Build.0 = Release|Any CPU
		{3220AABF-6B34-438F-B727-787CDBFDF546}.Release|iPhone.Deploy.0 = Release|Any CPU
		{3220AABF-6B34-438F-B727-787CDBFDF546}.Release|iPhoneSimulator.ActiveCfg = Release|Any CPU
		{3220AABF-6B34-438F-B727-787CDBFDF546}.Release|iPhoneSimulator.Build.0 = Release|Any CPU
		{3220AABF-6B34-438F-B727-787CDBFDF546}.Release|iPhoneSimulator.Deploy.0 = Release|Any CPU
		{3220AABF-6B34-438F-B727-787CDBFDF546}.Release|x64.ActiveCfg = Release|Any CPU
		{3220AABF-6B34-438F-B727-787CDBFDF546}.Release|x64.Build.0 = Release|Any CPU
		{3220AABF-6B34-438F-B727-787CDBFDF546}.Release|x64.Deploy.0 = Release|Any CPU
		{3220AABF-6B34-438F-B727-787CDBFDF546}.Release|x86.ActiveCfg = Release|Any CPU
		{3220AABF-6B34-438F-B727-787CDBFDF546}.Release|x86.Build.0 = Release|Any CPU
		{3220AABF-6B34-438F-B727-787CDBFDF546}.Release|x86.Deploy.0 = Release|Any CPU
	EndGlobalSection
	GlobalSection(SolutionProperties) = preSolution
		HideSolutionNode = FALSE
	EndGlobalSection
	GlobalSection(ExtensibilityGlobals) = postSolution
		SolutionGuid = {9AE8FCC0-D7E3-4C4F-A1BC-57DD8D295F84}
	EndGlobalSection
EndGlobal
