
Microsoft Visual Studio Solution File, Format Version 12.00
# Visual Studio Version 17
VisualStudioVersion = 17.5.33502.453
MinimumVisualStudioVersion = 10.0.40219.1
Project("{FAE04EC0-301F-11D3-BF4B-00C04F79EFBC}") = "TodoApiApp", "TodoApiApp\TodoApiApp.csproj", "{ECF5A0AE-8C11-4628-AF05-5076967DB562}"
EndProject
Global
	GlobalSection(SolutionConfigurationPlatforms) = preSolution
		Debug|Any CPU = Debug|Any CPU
		Release|Any CPU = Release|Any CPU
	EndGlobalSection
	GlobalSection(ProjectConfigurationPlatforms) = postSolution
		{ECF5A0AE-8C11-4628-AF05-5076967DB562}.Debug|Any CPU.ActiveCfg = Debug|Any CPU
		{ECF5A0AE-8C11-4628-AF05-5076967DB562}.Debug|Any CPU.Build.0 = Debug|Any CPU
		{ECF5A0AE-8C11-4628-AF05-5076967DB562}.Release|Any CPU.ActiveCfg = Release|Any CPU
		{ECF5A0AE-8C11-4628-AF05-5076967DB562}.Release|Any CPU.Build.0 = Release|Any CPU
	EndGlobalSection
	GlobalSection(SolutionProperties) = preSolution
		HideSolutionNode = FALSE
	EndGlobalSection
	GlobalSection(ExtensibilityGlobals) = postSolution
		SolutionGuid = {D281F0B6-1D56-4EAE-B470-35FCA6C2A7DC}
	EndGlobalSection
EndGlobal
